{
  "version": "v1",
  "packages": {
    "@sellerspot/universal-types": {
      "signature": "d303038618303d0dd435843645d8124b"
    },
    "@sellerspot/database-models": {
      "signature": "de43f59fed32516cd692327c0ba343e4"
    },
    "@sellerspot/universal-components": {
      "signature": "67da587ba7b09cb1d42dcc17b2ea8ac7"
    }
  }
}